// !$*UTF8*$!
{
	archiveVersion = 1;
	classes = {
	};
	objectVersion = 50;
	objects = {

/* Begin PBXBuildFile section */
		877AAB592198EBC300EE13AB /* AppDelegate.swift in Sources */ = {isa = PBXBuildFile; fileRef = 877AAB582198EBC300EE13AB /* AppDelegate.swift */; };
		877AAB5B2198EBC300EE13AB /* ViewController.swift in Sources */ = {isa = PBXBuildFile; fileRef = 877AAB5A2198EBC300EE13AB /* ViewController.swift */; };
		877AAB5E2198EBC300EE13AB /* Main.storyboard in Resources */ = {isa = PBXBuildFile; fileRef = 877AAB5C2198EBC300EE13AB /* Main.storyboard */; };
		877AAB612198EBC300EE13AB /* CoreDataSaveImage1.xcdatamodeld in Sources */ = {isa = PBXBuildFile; fileRef = 877AAB5F2198EBC300EE13AB /* CoreDataSaveImage1.xcdatamodeld */; };
		877AAB632198EBC400EE13AB /* Assets.xcassets in Resources */ = {isa = PBXBuildFile; fileRef = 877AAB622198EBC400EE13AB /* Assets.xcassets */; };
		877AAB662198EBC400EE13AB /* LaunchScreen.storyboard in Resources */ = {isa = PBXBuildFile; fileRef = 877AAB642198EBC400EE13AB /* LaunchScreen.storyboard */; };
		877AAB712198EE9500EE13AB /* DataImage+CoreDataClass.swift in Sources */ = {isa = PBXBuildFile; fileRef = 877AAB6E2198EE9500EE13AB /* DataImage+CoreDataClass.swift */; };
		877AAB722198EE9500EE13AB /* DataImage+CoreDataProperties.swift in Sources */ = {isa = PBXBuildFile; fileRef = 877AAB6F2198EE9500EE13AB /* DataImage+CoreDataProperties.swift */; };
/* End PBXBuildFile section */

/* Begin PBXFileReference section */
		877AAB552198EBC300EE13AB /* CoreDataSaveImage1.app */ = {isa = PBXFileReference; explicitFileType = wrapper.application; includeInIndex = 0; path = CoreDataSaveImage1.app; sourceTree = BUILT_PRODUCTS_DIR; };
		877AAB582198EBC300EE13AB /* AppDelegate.swift */ = {isa = PBXFileReference; lastKnownFileType = sourcecode.swift; path = AppDelegate.swift; sourceTree = "<group>"; };
		877AAB5A2198EBC300EE13AB /* ViewController.swift */ = {isa = PBXFileReference; lastKnownFileType = sourcecode.swift; path = ViewController.swift; sourceTree = "<group>"; };
		877AAB5D2198EBC300EE13AB /* Base */ = {isa = PBXFileReference; lastKnownFileType = file.storyboard; name = Base; path = Base.lproj/Main.storyboard; sourceTree = "<group>"; };
		877AAB602198EBC300EE13AB /* CoreDataSaveImage1.xcdatamodel */ = {isa = PBXFileReference; lastKnownFileType = wrapper.xcdatamodel; path = CoreDataSaveImage1.xcdatamodel; sourceTree = "<group>"; };
		877AAB622198EBC400EE13AB /* Assets.xcassets */ = {isa = PBXFileReference; lastKnownFileType = folder.assetcatalog; path = Assets.xcassets; sourceTree = "<group>"; };
		877AAB652198EBC400EE13AB /* Base */ = {isa = PBXFileReference; lastKnownFileType = file.storyboard; name = Base; path = Base.lproj/LaunchScreen.storyboard; sourceTree = "<group>"; };
		877AAB672198EBC400EE13AB /* Info.plist */ = {isa = PBXFileReference; lastKnownFileType = text.plist.xml; path = Info.plist; sourceTree = "<group>"; };
		877AAB6E2198EE9500EE13AB /* DataImage+CoreDataClass.swift */ = {isa = PBXFileReference; fileEncoding = 4; lastKnownFileType = sourcecode.swift; path = "DataImage+CoreDataClass.swift"; sourceTree = "<group>"; };
		877AAB6F2198EE9500EE13AB /* DataImage+CoreDataProperties.swift */ = {isa = PBXFileReference; fileEncoding = 4; lastKnownFileType = sourcecode.swift; path = "DataImage+CoreDataProperties.swift"; sourceTree = "<group>"; };
/* End PBXFileReference section */

/* Begin PBXFrameworksBuildPhase section */
		877AAB522198EBC300EE13AB /* Frameworks */ = {
			isa = PBXFrameworksBuildPhase;
			buildActionMask = 2147483647;
			files = (
			);
			runOnlyForDeploymentPostprocessing = 0;
		};
/* End PBXFrameworksBuildPhase section */

/* Begin PBXGroup section */
		877AAB4C2198EBC300EE13AB = {
			isa = PBXGroup;
			children = (
				877AAB572198EBC300EE13AB /* CoreDataSaveImage1 */,
				877AAB562198EBC300EE13AB /* Products */,
			);
			sourceTree = "<group>";
		};
		877AAB562198EBC300EE13AB /* Products */ = {
			isa = PBXGroup;
			children = (
				877AAB552198EBC300EE13AB /* CoreDataSaveImage1.app */,
			);
			name = Products;
			sourceTree = "<group>";
		};
		877AAB572198EBC300EE13AB /* CoreDataSaveImage1 */ = {
			isa = PBXGroup;
			children = (
				877AAB582198EBC300EE13AB /* AppDelegate.swift */,
				877AAB5A2198EBC300EE13AB /* ViewController.swift */,
				877AAB5C2198EBC300EE13AB /* Main.storyboard */,
				877AAB622198EBC400EE13AB /* Assets.xcassets */,
				877AAB642198EBC400EE13AB /* LaunchScreen.storyboard */,
				877AAB6E2198EE9500EE13AB /* DataImage+CoreDataClass.swift */,
				877AAB6F2198EE9500EE13AB /* DataImage+CoreDataProperties.swift */,
				877AAB672198EBC400EE13AB /* Info.plist */,
				877AAB5F2198EBC300EE13AB /* CoreDataSaveImage1.xcdatamodeld */,
			);
			path = CoreDataSaveImage1;
			sourceTree = "<group>";
		};
/* End PBXGroup section */

/* Begin PBXNativeTarget section */
		877AAB542198EBC300EE13AB /* CoreDataSaveImage1 */ = {
			isa = PBXNativeTarget;
			buildConfigurationList = 877AAB6A2198EBC400EE13AB /* Build configuration list for PBXNativeTarget "CoreDataSaveImage1" */;
			buildPhases = (
				877AAB512198EBC300EE13AB /* Sources */,
				877AAB522198EBC300EE13AB /* Frameworks */,
				877AAB532198EBC300EE13AB /* Resources */,
			);
			buildRules = (
			);
			dependencies = (
			);
			name = CoreDataSaveImage1;
			productName = CoreDataSaveImage1;
			productReference = 877AAB552198EBC300EE13AB /* CoreDataSaveImage1.app */;
			productType = "com.apple.product-type.application";
		};
/* End PBXNativeTarget section */

/* Begin PBXProject section */
		877AAB4D2198EBC300EE13AB /* Project object */ = {
			isa = PBXProject;
			attributes = {
				LastSwiftUpdateCheck = 1000;
				LastUpgradeCheck = 1000;
				ORGANIZATIONNAME = Trung;
				TargetAttributes = {
					877AAB542198EBC300EE13AB = {
						CreatedOnToolsVersion = 10.0;
					};
				};
			};
			buildConfigurationList = 877AAB502198EBC300EE13AB /* Build configuration list for PBXProject "CoreDataSaveImage1" */;
			compatibilityVersion = "Xcode 9.3";
			developmentRegion = en;
			hasScannedForEncodings = 0;
			knownRegions = (
				en,
				Base,
			);
			mainGroup = 877AAB4C2198EBC300EE13AB;
			productRefGroup = 877AAB562198EBC300EE13AB /* Products */;
			projectDirPath = "";
			projectRoot = "";
			targets = (
				877AAB542198EBC300EE13AB /* CoreDataSaveImage1 */,
			);
		};
/* End PBXProject section */

/* Begin PBXResourcesBuildPhase section */
		877AAB532198EBC300EE13AB /* Resources */ = {
			isa = PBXResourcesBuildPhase;
			buildActionMask = 2147483647;
			files = (
				877AAB662198EBC400EE13AB /* LaunchScreen.storyboard in Resources */,
				877AAB632198EBC400EE13AB /* Assets.xcassets in Resources */,
				877AAB5E2198EBC300EE13AB /* Main.storyboard in Resources */,
			);
			runOnlyForDeploymentPostprocessing = 0;
		};
/* End PBXResourcesBuildPhase section */

/* Begin PBXSourcesBuildPhase section */
		877AAB512198EBC300EE13AB /* Sources */ = {
			isa = PBXSourcesBuildPhase;
			buildActionMask = 2147483647;
			files = (
				877AAB5B2198EBC300EE13AB /* ViewController.swift in Sources */,
				877AAB612198EBC300EE13AB /* CoreDataSaveImage1.xcdatamodeld in Sources */,
				877AAB722198EE9500EE13AB /* DataImage+CoreDataProperties.swift in Sources */,
				877AAB712198EE9500EE13AB /* DataImage+CoreDataClass.swift in Sources */,
				877AAB592198EBC300EE13AB /* AppDelegate.swift in Sources */,
			);
			runOnlyForDeploymentPostprocessing = 0;
		};
/* End PBXSourcesBuildPhase section */

/* Begin PBXVariantGroup section */
		877AAB5C2198EBC300EE13AB /* Main.storyboard */ = {
			isa = PBXVariantGroup;
			children = (
				877AAB5D2198EBC300EE13AB /* Base */,
			);
			name = Main.storyboard;
			sourceTree = "<group>";
		};
		877AAB642198EBC400EE13AB /* LaunchScreen.storyboard */ = {
			isa = PBXVariantGroup;
			children = (
				877AAB652198EBC400EE13AB /* Base */,
			);
			name = LaunchScreen.storyboard;
			sourceTree = "<group>";
		};
/* End PBXVariantGroup section */

/* Begin XCBuildConfiguration section */
		877AAB682198EBC400EE13AB /* Debug */ = {
			isa = XCBuildConfiguration;
			buildSettings = {
				ALWAYS_SEARCH_USER_PATHS = NO;
				CLANG_ANALYZER_NONNULL = YES;
				CLANG_ANALYZER_NUMBER_OBJECT_CONVERSION = YES_AGGRESSIVE;
				CLANG_CXX_LANGUAGE_STANDARD = "gnu++14";
				CLANG_CXX_LIBRARY = "libc++";
				CLANG_ENABLE_MODULES = YES;
				CLANG_ENABLE_OBJC_ARC = YES;
				CLANG_ENABLE_OBJC_WEAK = YES;
				CLANG_WARN_BLOCK_CAPTURE_AUTORELEASING = YES;
				CLANG_WARN_BOOL_CONVERSION = YES;
				CLANG_WARN_COMMA = YES;
				CLANG_WARN_CONSTANT_CONVERSION = YES;
				CLANG_WARN_DEPRECATED_OBJC_IMPLEMENTATIONS = YES;
				CLANG_WARN_DIRECT_OBJC_ISA_USAGE = YES_ERROR;
				CLANG_WARN_DOCUMENTATION_COMMENTS = YES;
				CLANG_WARN_EMPTY_BODY = YES;
				CLANG_WARN_ENUM_CONVERSION = YES;
				CLANG_WARN_INFINITE_RECURSION = YES;
				CLANG_WARN_INT_CONVERSION = YES;
				CLANG_WARN_NON_LITERAL_NULL_CONVERSION = YES;
				CLANG_WARN_OBJC_IMPLICIT_RETAIN_SELF = YES;
				CLANG_WARN_OBJC_LITERAL_CONVERSION = YES;
				CLANG_WARN_OBJC_ROOT_CLASS = YES_ERROR;
				CLANG_WARN_RANGE_LOOP_ANALYSIS = YES;
				CLANG_WARN_STRICT_PROTOTYPES = YES;
				CLANG_WARN_SUSPICIOUS_MOVE = YES;
				CLANG_WARN_UNGUARDED_AVAILABILITY = YES_AGGRESSIVE;
				CLANG_WARN_UNREACHABLE_CODE = YES;
				CLANG_WARN__DUPLICATE_METHOD_MATCH = YES;
				CODE_SIGN_IDENTITY = "iPhone Developer";
				COPY_PHASE_STRIP = NO;
				DEBUG_INFORMATION_FORMAT = dwarf;
				ENABLE_STRICT_OBJC_MSGSEND = YES;
				ENABLE_TESTABILITY = YES;
				GCC_C_LANGUAGE_STANDARD = gnu11;
				GCC_DYNAMIC_NO_PIC = NO;
				GCC_NO_COMMON_BLOCKS = YES;
				GCC_OPTIMIZATION_LEVEL = 0;
				GCC_PREPROCESSOR_DEFINITIONS = (
					"DEBUG=1",
					"$(inherited)",
				);
				GCC_WARN_64_TO_32_BIT_CONVERSION = YES;
				GCC_WARN_ABOUT_RETURN_TYPE = YES_ERROR;
				GCC_WARN_UNDECLARED_SELECTOR = YES;
				GCC_WARN_UNINITIALIZED_AUTOS = YES_AGGRESSIVE;
				GCC_WARN_UNUSED_FUNCTION = YES;
				GCC_WARN_UNUSED_VARIABLE = YES;
				IPHONEOS_DEPLOYMENT_TARGET = 12.0;
				MTL_ENABLE_DEBUG_INFO = INCLUDE_SOURCE;
				MTL_FAST_MATH = YES;
				ONLY_ACTIVE_ARCH = YES;
				SDKROOT = iphoneos;
				SWIFT_ACTIVE_COMPILATION_CONDITIONS = DEBUG;
				SWIFT_OPTIMIZATION_LEVEL = "-Onone";
			};
			name = Debug;
		};
		877AAB692198EBC400EE13AB /* Release */ = {
			isa = XCBuildConfiguration;
			buildSettings = {
				ALWAYS_SEARCH_USER_PATHS = NO;
				CLANG_ANALYZER_NONNULL = YES;
				CLANG_ANALYZER_NUMBER_OBJECT_CONVERSION = YES_AGGRESSIVE;
				CLANG_CXX_LANGUAGE_STANDARD = "gnu++14";
				CLANG_CXX_LIBRARY = "libc++";
				CLANG_ENABLE_MODULES = YES;
				CLANG_ENABLE_OBJC_ARC = YES;
				CLANG_ENABLE_OBJC_WEAK = YES;
				CLANG_WARN_BLOCK_CAPTURE_AUTORELEASING = YES;
				CLANG_WARN_BOOL_CONVERSION = YES;
				CLANG_WARN_COMMA = YES;
				CLANG_WARN_CONSTANT_CONVERSION = YES;
				CLANG_WARN_DEPRECATED_OBJC_IMPLEMENTATIONS = YES;
				CLANG_WARN_DIRECT_OBJC_ISA_USAGE = YES_ERROR;
				CLANG_WARN_DOCUMENTATION_COMMENTS = YES;
				CLANG_WARN_EMPTY_BODY = YES;
				CLANG_WARN_ENUM_CONVERSION = YES;
				CLANG_WARN_INFINITE_RECURSION = YES;
				CLANG_WARN_INT_CONVERSION = YES;
				CLANG_WARN_NON_LITERAL_NULL_CONVERSION = YES;
				CLANG_WARN_OBJC_IMPLICIT_RETAIN_SELF = YES;
				CLANG_WARN_OBJC_LITERAL_CONVERSION = YES;
				CLANG_WARN_OBJC_ROOT_CLASS = YES_ERROR;
				CLANG_WARN_RANGE_LOOP_ANALYSIS = YES;
				CLANG_WARN_STRICT_PROTOTYPES = YES;
				CLANG_WARN_SUSPICIOUS_MOVE = YES;
				CLANG_WARN_UNGUARDED_AVAILABILITY = YES_AGGRESSIVE;
				CLANG_WARN_UNREACHABLE_CODE = YES;
				CLANG_WARN__DUPLICATE_METHOD_MATCH = YES;
				CODE_SIGN_IDENTITY = "iPhone Developer";
				COPY_PHASE_STRIP = NO;
				DEBUG_INFORMATION_FORMAT = "dwarf-with-dsym";
				ENABLE_NS_ASSERTIONS = NO;
				ENABLE_STRICT_OBJC_MSGSEND = YES;
				GCC_C_LANGUAGE_STANDARD = gnu11;
				GCC_NO_COMMON_BLOCKS = YES;
				GCC_WARN_64_TO_32_BIT_CONVERSION = YES;
				GCC_WARN_ABOUT_RETURN_TYPE = YES_ERROR;
				GCC_WARN_UNDECLARED_SELECTOR = YES;
				GCC_WARN_UNINITIALIZED_AUTOS = YES_AGGRESSIVE;
				GCC_WARN_UNUSED_FUNCTION = YES;
				GCC_WARN_UNUSED_VARIABLE = YES;
				IPHONEOS_DEPLOYMENT_TARGET = 12.0;
				MTL_ENABLE_DEBUG_INFO = NO;
				MTL_FAST_MATH = YES;
				SDKROOT = iphoneos;
				SWIFT_COMPILATION_MODE = wholemodule;
				SWIFT_OPTIMIZATION_LEVEL = "-O";
				VALIDATE_PRODUCT = YES;
			};
			name = Release;
		};
		877AAB6B2198EBC400EE13AB /* Debug */ = {
			isa = XCBuildConfiguration;
			buildSettings = {
				ASSETCATALOG_COMPILER_APPICON_NAME = AppIcon;
				CODE_SIGN_STYLE = Automatic;
				INFOPLIST_FILE = CoreDataSaveImage1/Info.plist;
				LD_RUNPATH_SEARCH_PATHS = (
					"$(inherited)",
					"@executable_path/Frameworks",
				);
				PRODUCT_BUNDLE_IDENTIFIER = trungcatun.CoreDataSaveImage1;
				PRODUCT_NAME = "$(TARGET_NAME)";
				SWIFT_VERSION = 4.2;
				TARGETED_DEVICE_FAMILY = "1,2";
			};
			name = Debug;
		};
		877AAB6C2198EBC400EE13AB /* Release */ = {
			isa = XCBuildConfiguration;
			buildSettings = {
				ASSETCATALOG_COMPILER_APPICON_NAME = AppIcon;
				CODE_SIGN_STYLE = Automatic;
				INFOPLIST_FILE = CoreDataSaveImage1/Info.plist;
				LD_RUNPATH_SEARCH_PATHS = (
					"$(inherited)",
					"@executable_path/Frameworks",
				);
				PRODUCT_BUNDLE_IDENTIFIER = trungcatun.CoreDataSaveImage1;
				PRODUCT_NAME = "$(TARGET_NAME)";
				SWIFT_VERSION = 4.2;
				TARGETED_DEVICE_FAMILY = "1,2";
			};
			name = Release;
		};
/* End XCBuildConfiguration section */

/* Begin XCConfigurationList section */
		877AAB502198EBC300EE13AB /* Build configuration list for PBXProject "CoreDataSaveImage1" */ = {
			isa = XCConfigurationList;
			buildConfigurations = (
				877AAB682198EBC400EE13AB /* Debug */,
				877AAB692198EBC400EE13AB /* Release */,
			);
			defaultConfigurationIsVisible = 0;
			defaultConfigurationName = Release;
		};
		877AAB6A2198EBC400EE13AB /* Build configuration list for PBXNativeTarget "CoreDataSaveImage1" */ = {
			isa = XCConfigurationList;
			buildConfigurations = (
				877AAB6B2198EBC400EE13AB /* Debug */,
				877AAB6C2198EBC400EE13AB /* Release */,
			);
			defaultConfigurationIsVisible = 0;
			defaultConfigurationName = Release;
		};
/* End XCConfigurationList section */

/* Begin XCVersionGroup section */
		877AAB5F2198EBC300EE13AB /* CoreDataSaveImage1.xcdatamodeld */ = {
			isa = XCVersionGroup;
			children = (
				877AAB602198EBC300EE13AB /* CoreDataSaveImage1.xcdatamodel */,
			);
			currentVersion = 877AAB602198EBC300EE13AB /* CoreDataSaveImage1.xcdatamodel */;
			path = CoreDataSaveImage1.xcdatamodeld;
			sourceTree = "<group>";
			versionGroupType = wrapper.xcdatamodel;
		};
/* End XCVersionGroup section */
	};
	rootObject = 877AAB4D2198EBC300EE13AB /* Project object */;
}
